PODS:
  - Bond (6.8.3):
    - Differ (~> 1.0)
    - ReactiveKit (~> 3.9)
  - Differ (1.2.3)
  - ReactiveKit (3.9.6)
  - RxCocoa (4.2.0):
    - RxSwift (~> 4.0)
  - RxSwift (4.2.0)
  - Weather (2.0.1):
    - Bond (~> 6.8.3)
    - RxCocoa (~> 4.2.0)
    - RxSwift (~> 4.2.0)

DEPENDENCIES:
  - Weather (from `https://github.com/imran-niazi/WeatherFramework.git`)

SPEC REPOS:
  https://github.com/cocoapods/specs.git:
    - Bond
    - Differ
    - ReactiveKit
    - RxCocoa
    - RxSwift

EXTERNAL SOURCES:
  Weather:
    :git: https://github.com/imran-niazi/WeatherFramework.git

CHECKOUT OPTIONS:
  Weather:
    :commit: f9ff6737eb4211f49bf546e433dbb1d293e1c8d7
    :git: https://github.com/imran-niazi/WeatherFramework.git

SPEC CHECKSUMS:
  Bond: d6d25c0cb90459b9d27197251405c6db254da4cf
  Differ: 061f3298ea9408494c43b530c44583e555884daf
  ReactiveKit: 804d3093ad42dee0de19e42d4f7dcae9c14364b0
  RxCocoa: 0b54909c902e1e581212a03e690bbd94032d8baa
  RxSwift: 99e10317ddfcc7fbe01356aafd118fde4a0be104
  Weather: a957960b9a2db516cfe5dc637bc9782202437e78

PODFILE CHECKSUM: 7a5ffd08b5751e0b02bf07fe8dfd7e601cd7ae7c

COCOAPODS: 1.5.3
